<?xml version="1.0" encoding="UTF-8" standalone="yes" ?>
<CodeBlocks_project_file>
   <FileVersion major="1" minor="6" />
   <Project>
      <Option title="app" />
      <Option makefile_is_custom="1" />
      <Option compiler="gcc" />
      <Option virtualFolders="CMake Files\;" />
      <Build>
      <Target title="all">
         <Option working_dir="/home/kamil/SerialReceiver/build-app-Desktop_Qt_5_5_1_GCC_64bit-Domyślna" />
         <Option type="4" />
         <MakeCommands>
            <Build command="/usr/bin/make -f &quot;/home/kamil/SerialReceiver/build-app-Desktop_Qt_5_5_1_GCC_64bit-Domyślna/Makefile&quot;  VERBOSE=1 all" />
            <CompileFile command="/usr/bin/make -f &quot;/home/kamil/SerialReceiver/build-app-Desktop_Qt_5_5_1_GCC_64bit-Domyślna/Makefile&quot;  VERBOSE=1 &quot;$file&quot;" />
            <Clean command="/usr/bin/make -f &quot;/home/kamil/SerialReceiver/build-app-Desktop_Qt_5_5_1_GCC_64bit-Domyślna/Makefile&quot;  VERBOSE=1 clean" />
            <DistClean command="/usr/bin/make -f &quot;/home/kamil/SerialReceiver/build-app-Desktop_Qt_5_5_1_GCC_64bit-Domyślna/Makefile&quot;  VERBOSE=1 clean" />
         </MakeCommands>
      </Target>
      <Target title="rebuild_cache">
         <Option working_dir="/home/kamil/SerialReceiver/build-app-Desktop_Qt_5_5_1_GCC_64bit-Domyślna" />
         <Option type="4" />
         <MakeCommands>
            <Build command="/usr/bin/make -f &quot;/home/kamil/SerialReceiver/build-app-Desktop_Qt_5_5_1_GCC_64bit-Domyślna/Makefile&quot;  VERBOSE=1 rebuild_cache" />
            <CompileFile command="/usr/bin/make -f &quot;/home/kamil/SerialReceiver/build-app-Desktop_Qt_5_5_1_GCC_64bit-Domyślna/Makefile&quot;  VERBOSE=1 &quot;$file&quot;" />
            <Clean command="/usr/bin/make -f &quot;/home/kamil/SerialReceiver/build-app-Desktop_Qt_5_5_1_GCC_64bit-Domyślna/Makefile&quot;  VERBOSE=1 clean" />
            <DistClean command="/usr/bin/make -f &quot;/home/kamil/SerialReceiver/build-app-Desktop_Qt_5_5_1_GCC_64bit-Domyślna/Makefile&quot;  VERBOSE=1 clean" />
         </MakeCommands>
      </Target>
      <Target title="FreenectDriver">
         <Option output="/home/kamil/SerialReceiver/build-app-Desktop_Qt_5_5_1_GCC_64bit-Domyślna/libFreenectDriver.so" prefix_auto="0" extension_auto="0" />
         <Option working_dir="/home/kamil/SerialReceiver/build-app-Desktop_Qt_5_5_1_GCC_64bit-Domyślna" />
         <Option object_output="./" />
         <Option type="3" />
         <Option compiler="gcc" />
         <Compiler>
            <Add directory="/usr/include" />
            <Add directory="/usr/lib/gcc/x86_64-unknown-linux-gnu/5.3.0/../../../../include/c++/5.3.0" />
            <Add directory="/usr/lib/gcc/x86_64-unknown-linux-gnu/5.3.0/../../../../include/c++/5.3.0/backward" />
            <Add directory="/usr/lib/gcc/x86_64-unknown-linux-gnu/5.3.0/../../../../include/c++/5.3.0/x86_64-unknown-linux-gnu" />
            <Add directory="/usr/lib/gcc/x86_64-unknown-linux-gnu/5.3.0/include" />
            <Add directory="/usr/lib/gcc/x86_64-unknown-linux-gnu/5.3.0/include-fixed" />
            <Add directory="/usr/local/include" />
         </Compiler>
         <MakeCommands>
            <Build command="/usr/bin/make -f &quot;/home/kamil/SerialReceiver/build-app-Desktop_Qt_5_5_1_GCC_64bit-Domyślna/Makefile&quot;  VERBOSE=1 FreenectDriver" />
            <CompileFile command="/usr/bin/make -f &quot;/home/kamil/SerialReceiver/build-app-Desktop_Qt_5_5_1_GCC_64bit-Domyślna/Makefile&quot;  VERBOSE=1 &quot;$file&quot;" />
            <Clean command="/usr/bin/make -f &quot;/home/kamil/SerialReceiver/build-app-Desktop_Qt_5_5_1_GCC_64bit-Domyślna/Makefile&quot;  VERBOSE=1 clean" />
            <DistClean command="/usr/bin/make -f &quot;/home/kamil/SerialReceiver/build-app-Desktop_Qt_5_5_1_GCC_64bit-Domyślna/Makefile&quot;  VERBOSE=1 clean" />
         </MakeCommands>
      </Target>
      <Target title="FreenectDriver/fast">
         <Option output="/home/kamil/SerialReceiver/build-app-Desktop_Qt_5_5_1_GCC_64bit-Domyślna/libFreenectDriver.so" prefix_auto="0" extension_auto="0" />
         <Option working_dir="/home/kamil/SerialReceiver/build-app-Desktop_Qt_5_5_1_GCC_64bit-Domyślna" />
         <Option object_output="./" />
         <Option type="3" />
         <Option compiler="gcc" />
         <Compiler>
            <Add directory="/usr/include" />
            <Add directory="/usr/lib/gcc/x86_64-unknown-linux-gnu/5.3.0/../../../../include/c++/5.3.0" />
            <Add directory="/usr/lib/gcc/x86_64-unknown-linux-gnu/5.3.0/../../../../include/c++/5.3.0/backward" />
            <Add directory="/usr/lib/gcc/x86_64-unknown-linux-gnu/5.3.0/../../../../include/c++/5.3.0/x86_64-unknown-linux-gnu" />
            <Add directory="/usr/lib/gcc/x86_64-unknown-linux-gnu/5.3.0/include" />
            <Add directory="/usr/lib/gcc/x86_64-unknown-linux-gnu/5.3.0/include-fixed" />
            <Add directory="/usr/local/include" />
         </Compiler>
         <MakeCommands>
            <Build command="/usr/bin/make -f &quot;/home/kamil/SerialReceiver/build-app-Desktop_Qt_5_5_1_GCC_64bit-Domyślna/Makefile&quot;  VERBOSE=1 FreenectDriver/fast" />
            <CompileFile command="/usr/bin/make -f &quot;/home/kamil/SerialReceiver/build-app-Desktop_Qt_5_5_1_GCC_64bit-Domyślna/Makefile&quot;  VERBOSE=1 &quot;$file&quot;" />
            <Clean command="/usr/bin/make -f &quot;/home/kamil/SerialReceiver/build-app-Desktop_Qt_5_5_1_GCC_64bit-Domyślna/Makefile&quot;  VERBOSE=1 clean" />
            <DistClean command="/usr/bin/make -f &quot;/home/kamil/SerialReceiver/build-app-Desktop_Qt_5_5_1_GCC_64bit-Domyślna/Makefile&quot;  VERBOSE=1 clean" />
         </MakeCommands>
      </Target>
      <Target title="edit_cache">
         <Option working_dir="/home/kamil/SerialReceiver/build-app-Desktop_Qt_5_5_1_GCC_64bit-Domyślna" />
         <Option type="4" />
         <MakeCommands>
            <Build command="/usr/bin/make -f &quot;/home/kamil/SerialReceiver/build-app-Desktop_Qt_5_5_1_GCC_64bit-Domyślna/Makefile&quot;  VERBOSE=1 edit_cache" />
            <CompileFile command="/usr/bin/make -f &quot;/home/kamil/SerialReceiver/build-app-Desktop_Qt_5_5_1_GCC_64bit-Domyślna/Makefile&quot;  VERBOSE=1 &quot;$file&quot;" />
            <Clean command="/usr/bin/make -f &quot;/home/kamil/SerialReceiver/build-app-Desktop_Qt_5_5_1_GCC_64bit-Domyślna/Makefile&quot;  VERBOSE=1 clean" />
            <DistClean command="/usr/bin/make -f &quot;/home/kamil/SerialReceiver/build-app-Desktop_Qt_5_5_1_GCC_64bit-Domyślna/Makefile&quot;  VERBOSE=1 clean" />
         </MakeCommands>
      </Target>
      <Target title="app">
         <Option output="/home/kamil/SerialReceiver/build-app-Desktop_Qt_5_5_1_GCC_64bit-Domyślna/app" prefix_auto="0" extension_auto="0" />
         <Option working_dir="/home/kamil/SerialReceiver/build-app-Desktop_Qt_5_5_1_GCC_64bit-Domyślna" />
         <Option object_output="./" />
         <Option type="1" />
         <Option compiler="gcc" />
         <Compiler>
            <Add directory="/usr/include" />
            <Add directory="/usr/lib/gcc/x86_64-unknown-linux-gnu/5.3.0/../../../../include/c++/5.3.0" />
            <Add directory="/usr/lib/gcc/x86_64-unknown-linux-gnu/5.3.0/../../../../include/c++/5.3.0/backward" />
            <Add directory="/usr/lib/gcc/x86_64-unknown-linux-gnu/5.3.0/../../../../include/c++/5.3.0/x86_64-unknown-linux-gnu" />
            <Add directory="/usr/lib/gcc/x86_64-unknown-linux-gnu/5.3.0/include" />
            <Add directory="/usr/lib/gcc/x86_64-unknown-linux-gnu/5.3.0/include-fixed" />
            <Add directory="/usr/local/include" />
         </Compiler>
         <MakeCommands>
            <Build command="/usr/bin/make -f &quot;/home/kamil/SerialReceiver/build-app-Desktop_Qt_5_5_1_GCC_64bit-Domyślna/Makefile&quot;  VERBOSE=1 app" />
            <CompileFile command="/usr/bin/make -f &quot;/home/kamil/SerialReceiver/build-app-Desktop_Qt_5_5_1_GCC_64bit-Domyślna/Makefile&quot;  VERBOSE=1 &quot;$file&quot;" />
            <Clean command="/usr/bin/make -f &quot;/home/kamil/SerialReceiver/build-app-Desktop_Qt_5_5_1_GCC_64bit-Domyślna/Makefile&quot;  VERBOSE=1 clean" />
            <DistClean command="/usr/bin/make -f &quot;/home/kamil/SerialReceiver/build-app-Desktop_Qt_5_5_1_GCC_64bit-Domyślna/Makefile&quot;  VERBOSE=1 clean" />
         </MakeCommands>
      </Target>
      <Target title="app/fast">
         <Option output="/home/kamil/SerialReceiver/build-app-Desktop_Qt_5_5_1_GCC_64bit-Domyślna/app" prefix_auto="0" extension_auto="0" />
         <Option working_dir="/home/kamil/SerialReceiver/build-app-Desktop_Qt_5_5_1_GCC_64bit-Domyślna" />
         <Option object_output="./" />
         <Option type="1" />
         <Option compiler="gcc" />
         <Compiler>
            <Add directory="/usr/include" />
            <Add directory="/usr/lib/gcc/x86_64-unknown-linux-gnu/5.3.0/../../../../include/c++/5.3.0" />
            <Add directory="/usr/lib/gcc/x86_64-unknown-linux-gnu/5.3.0/../../../../include/c++/5.3.0/backward" />
            <Add directory="/usr/lib/gcc/x86_64-unknown-linux-gnu/5.3.0/../../../../include/c++/5.3.0/x86_64-unknown-linux-gnu" />
            <Add directory="/usr/lib/gcc/x86_64-unknown-linux-gnu/5.3.0/include" />
            <Add directory="/usr/lib/gcc/x86_64-unknown-linux-gnu/5.3.0/include-fixed" />
            <Add directory="/usr/local/include" />
         </Compiler>
         <MakeCommands>
            <Build command="/usr/bin/make -f &quot;/home/kamil/SerialReceiver/build-app-Desktop_Qt_5_5_1_GCC_64bit-Domyślna/Makefile&quot;  VERBOSE=1 app/fast" />
            <CompileFile command="/usr/bin/make -f &quot;/home/kamil/SerialReceiver/build-app-Desktop_Qt_5_5_1_GCC_64bit-Domyślna/Makefile&quot;  VERBOSE=1 &quot;$file&quot;" />
            <Clean command="/usr/bin/make -f &quot;/home/kamil/SerialReceiver/build-app-Desktop_Qt_5_5_1_GCC_64bit-Domyślna/Makefile&quot;  VERBOSE=1 clean" />
            <DistClean command="/usr/bin/make -f &quot;/home/kamil/SerialReceiver/build-app-Desktop_Qt_5_5_1_GCC_64bit-Domyślna/Makefile&quot;  VERBOSE=1 clean" />
         </MakeCommands>
      </Target>
      </Build>
      <Unit filename="/home/kamil/SerialReceiver/app/include/buffer.h">
         <Option target="FreenectDriver"/>
      </Unit>
      <Unit filename="/home/kamil/SerialReceiver/app/include/elements.h">
         <Option target="FreenectDriver"/>
      </Unit>
      <Unit filename="/home/kamil/SerialReceiver/app/include/plot.h">
         <Option target="FreenectDriver"/>
      </Unit>
      <Unit filename="/home/kamil/SerialReceiver/app/include/rs232.h">
         <Option target="FreenectDriver"/>
      </Unit>
      <Unit filename="/home/kamil/SerialReceiver/app/include/serial.h">
         <Option target="FreenectDriver"/>
      </Unit>
      <Unit filename="/home/kamil/SerialReceiver/app/main.cpp">
         <Option target="app"/>
      </Unit>
      <Unit filename="/home/kamil/SerialReceiver/app/src/serial.cpp">
         <Option target="FreenectDriver"/>
      </Unit>
      <Unit filename="/home/kamil/SerialReceiver/app/CMakeLists.txt">
          <Option virtualFolder="CMake Files\" />
      </Unit>
   </Project>
</CodeBlocks_project_file>
